
Microsoft Visual Studio Solution File, Format Version 12.00
# Visual Studio Version 16
VisualStudioVersion = 16.0.30104.148
MinimumVisualStudioVersion = 10.0.40219.1
Project("{FAE04EC0-301F-11D3-BF4B-00C04F79EFBC}") = "Trabalho Final FTS", "Trabalho Final FTS\Trabalho Final FTS.csproj", "{CCC1E322-1F3E-4E0D-903D-771F3A6C1C4B}"
EndProject
Project("{FAE04EC0-301F-11D3-BF4B-00C04F79EFBC}") = "Trabalho Final FTSTest", "Trabalho Final FTSTest\Trabalho Final FTSTest.csproj", "{330A53CF-279E-419F-8AC5-B2BBC26B69E6}"
EndProject
Global
	GlobalSection(SolutionConfigurationPlatforms) = preSolution
		Debug|Any CPU = Debug|Any CPU
		Release|Any CPU = Release|Any CPU
	EndGlobalSection
	GlobalSection(ProjectConfigurationPlatforms) = postSolution
		{CCC1E322-1F3E-4E0D-903D-771F3A6C1C4B}.Debug|Any CPU.ActiveCfg = Debug|Any CPU
		{CCC1E322-1F3E-4E0D-903D-771F3A6C1C4B}.Debug|Any CPU.Build.0 = Debug|Any CPU
		{CCC1E322-1F3E-4E0D-903D-771F3A6C1C4B}.Release|Any CPU.ActiveCfg = Release|Any CPU
		{CCC1E322-1F3E-4E0D-903D-771F3A6C1C4B}.Release|Any CPU.Build.0 = Release|Any CPU
		{330A53CF-279E-419F-8AC5-B2BBC26B69E6}.Debug|Any CPU.ActiveCfg = Debug|Any CPU
		{330A53CF-279E-419F-8AC5-B2BBC26B69E6}.Debug|Any CPU.Build.0 = Debug|Any CPU
		{330A53CF-279E-419F-8AC5-B2BBC26B69E6}.Release|Any CPU.ActiveCfg = Release|Any CPU
		{330A53CF-279E-419F-8AC5-B2BBC26B69E6}.Release|Any CPU.Build.0 = Release|Any CPU
	EndGlobalSection
	GlobalSection(SolutionProperties) = preSolution
		HideSolutionNode = FALSE
	EndGlobalSection
	GlobalSection(ExtensibilityGlobals) = postSolution
		SolutionGuid = {A967E58A-E82D-4DA0-929D-2BF4802B1DBF}
	EndGlobalSection
EndGlobal
